
Microsoft Visual Studio Solution File, Format Version 12.00
# Visual Studio 15
VisualStudioVersion = 15.0.28307.645
MinimumVisualStudioVersion = 10.0.40219.1
Project("{FAE04EC0-301F-11D3-BF4B-00C04F79EFBC}") = "Courses.Web", "Courses.Web\Courses.Web.csproj", "{0B116002-EDA1-452B-B0CE-74CBAC75D4A3}"
EndProject
Project("{FAE04EC0-301F-11D3-BF4B-00C04F79EFBC}") = "Courses.Core", "Courses.Core\Courses.Core.csproj", "{7BE65F39-11CA-4C05-8E0E-160ED03FA249}"
EndProject
Global
	GlobalSection(SolutionConfigurationPlatforms) = preSolution
		Debug|Any CPU = Debug|Any CPU
		Release|Any CPU = Release|Any CPU
	EndGlobalSection
	GlobalSection(ProjectConfigurationPlatforms) = postSolution
		{0B116002-EDA1-452B-B0CE-74CBAC75D4A3}.Debug|Any CPU.ActiveCfg = Debug|Any CPU
		{0B116002-EDA1-452B-B0CE-74CBAC75D4A3}.Debug|Any CPU.Build.0 = Debug|Any CPU
		{0B116002-EDA1-452B-B0CE-74CBAC75D4A3}.Release|Any CPU.ActiveCfg = Release|Any CPU
		{0B116002-EDA1-452B-B0CE-74CBAC75D4A3}.Release|Any CPU.Build.0 = Release|Any CPU
		{7BE65F39-11CA-4C05-8E0E-160ED03FA249}.Debug|Any CPU.ActiveCfg = Debug|Any CPU
		{7BE65F39-11CA-4C05-8E0E-160ED03FA249}.Debug|Any CPU.Build.0 = Debug|Any CPU
		{7BE65F39-11CA-4C05-8E0E-160ED03FA249}.Release|Any CPU.ActiveCfg = Release|Any CPU
		{7BE65F39-11CA-4C05-8E0E-160ED03FA249}.Release|Any CPU.Build.0 = Release|Any CPU
	EndGlobalSection
	GlobalSection(SolutionProperties) = preSolution
		HideSolutionNode = FALSE
	EndGlobalSection
	GlobalSection(ExtensibilityGlobals) = postSolution
		SolutionGuid = {17CF7E76-EF0F-47BA-BE43-68089E162446}
	EndGlobalSection
EndGlobal
